
Microsoft Visual Studio Solution File, Format Version 12.00
# Visual Studio Version 17
VisualStudioVersion = 17.14.36121.58 d17.14
MinimumVisualStudioVersion = 10.0.40219.1
Project("{FAE04EC0-301F-11D3-BF4B-00C04F79EFBC}") = "Final_Version_Of_School_Management_System", "Final_Version_Of_School_Management_System\Final_Version_Of_School_Management_System.csproj", "{B709D007-BC42-44BC-AB8F-A24B58B2F9F2}"
EndProject
Global
	GlobalSection(SolutionConfigurationPlatforms) = preSolution
		Debug|Any CPU = Debug|Any CPU
		Release|Any CPU = Release|Any CPU
	EndGlobalSection
	GlobalSection(ProjectConfigurationPlatforms) = postSolution
		{B709D007-BC42-44BC-AB8F-A24B58B2F9F2}.Debug|Any CPU.ActiveCfg = Debug|Any CPU
		{B709D007-BC42-44BC-AB8F-A24B58B2F9F2}.Debug|Any CPU.Build.0 = Debug|Any CPU
		{B709D007-BC42-44BC-AB8F-A24B58B2F9F2}.Release|Any CPU.ActiveCfg = Release|Any CPU
		{B709D007-BC42-44BC-AB8F-A24B58B2F9F2}.Release|Any CPU.Build.0 = Release|Any CPU
	EndGlobalSection
	GlobalSection(SolutionProperties) = preSolution
		HideSolutionNode = FALSE
	EndGlobalSection
	GlobalSection(ExtensibilityGlobals) = postSolution
		SolutionGuid = {83E90BCC-10A6-4248-8941-A79A589C35BF}
	EndGlobalSection
EndGlobal
